
Microsoft Visual Studio Solution File, Format Version 12.00
# Visual Studio 15
VisualStudioVersion = 15.0.28307.489
MinimumVisualStudioVersion = 10.0.40219.1
Project("{9A19103F-16F7-4668-BE54-9A1E7A4F7556}") = "Breaker", "Breaker\Breaker.csproj", "{213F9F5B-B153-419E-81EC-006F27799479}"
EndProject
Project("{9A19103F-16F7-4668-BE54-9A1E7A4F7556}") = "Breaker.Core", "Breaker.Core\Breaker.Core.csproj", "{15F58564-E381-4B00-BE2F-2084348F953A}"
EndProject
Global
	GlobalSection(SolutionConfigurationPlatforms) = preSolution
		Debug|Any CPU = Debug|Any CPU
		Debug|x64 = Debug|x64
		Release|Any CPU = Release|Any CPU
		Release|x64 = Release|x64
	EndGlobalSection
	GlobalSection(ProjectConfigurationPlatforms) = postSolution
		{213F9F5B-B153-419E-81EC-006F27799479}.Debug|Any CPU.ActiveCfg = Debug|Any CPU
		{213F9F5B-B153-419E-81EC-006F27799479}.Debug|Any CPU.Build.0 = Debug|Any CPU
		{213F9F5B-B153-419E-81EC-006F27799479}.Debug|x64.ActiveCfg = Debug|x64
		{213F9F5B-B153-419E-81EC-006F27799479}.Debug|x64.Build.0 = Debug|x64
		{213F9F5B-B153-419E-81EC-006F27799479}.Release|Any CPU.ActiveCfg = Release|Any CPU
		{213F9F5B-B153-419E-81EC-006F27799479}.Release|Any CPU.Build.0 = Release|Any CPU
		{213F9F5B-B153-419E-81EC-006F27799479}.Release|x64.ActiveCfg = Release|x64
		{213F9F5B-B153-419E-81EC-006F27799479}.Release|x64.Build.0 = Release|x64
		{15F58564-E381-4B00-BE2F-2084348F953A}.Debug|Any CPU.ActiveCfg = Debug|Any CPU
		{15F58564-E381-4B00-BE2F-2084348F953A}.Debug|Any CPU.Build.0 = Debug|Any CPU
		{15F58564-E381-4B00-BE2F-2084348F953A}.Debug|x64.ActiveCfg = Debug|x64
		{15F58564-E381-4B00-BE2F-2084348F953A}.Debug|x64.Build.0 = Debug|x64
		{15F58564-E381-4B00-BE2F-2084348F953A}.Release|Any CPU.ActiveCfg = Release|Any CPU
		{15F58564-E381-4B00-BE2F-2084348F953A}.Release|Any CPU.Build.0 = Release|Any CPU
		{15F58564-E381-4B00-BE2F-2084348F953A}.Release|x64.ActiveCfg = Release|x64
		{15F58564-E381-4B00-BE2F-2084348F953A}.Release|x64.Build.0 = Release|x64
	EndGlobalSection
	GlobalSection(SolutionProperties) = preSolution
		HideSolutionNode = FALSE
	EndGlobalSection
	GlobalSection(ExtensibilityGlobals) = postSolution
		SolutionGuid = {41CCB3E6-9071-4867-9519-2D6F7CB552AE}
	EndGlobalSection
EndGlobal
